PODS:
  - FBSDKCoreKit (5.13.1):
    - FBSDKCoreKit/Basics (= 5.13.1)
    - FBSDKCoreKit/Core (= 5.13.1)
  - FBSDKCoreKit/Basics (5.13.1)
  - FBSDKCoreKit/Core (5.13.1):
    - FBSDKCoreKit/Basics
  - FBSDKLoginKit (5.13.1):
    - FBSDKLoginKit/Login (= 5.13.1)
  - FBSDKLoginKit/Login (5.13.1):
    - FBSDKCoreKit (~> 5.0)
  - podTestLibrary (0.2.5):
    - FBSDKCoreKit
    - FBSDKLoginKit

DEPENDENCIES:
  - podTestLibrary (from `../`)

SPEC REPOS:
  trunk:
    - FBSDKCoreKit
    - FBSDKLoginKit

EXTERNAL SOURCES:
  podTestLibrary:
    :path: "../"

SPEC CHECKSUMS:
  FBSDKCoreKit: 8fb98209109fb684937f05d534305edb18c20207
  FBSDKLoginKit: c7c6ffd9ca9ea45aee32361840af040ad8f6706a
  podTestLibrary: b98821f8a40581d5e758abb5ee21406062b5e722

PODFILE CHECKSUM: 339a5269f06ecbec451ef3cf7bec1a4d0637c49b

COCOAPODS: 1.8.4
