// !$*UTF8*$!
{
	archiveVersion = 1;
	classes = {
	};
	objectVersion = 50;
	objects = {

/* Begin PBXBuildFile section */
		092AA5F023ACFFD20019D86D /* AppDelegate.m in Sources */ = {isa = PBXBuildFile; fileRef = 092AA5EF23ACFFD20019D86D /* AppDelegate.m */; };
		092AA5F323ACFFD20019D86D /* ViewController.m in Sources */ = {isa = PBXBuildFile; fileRef = 092AA5F223ACFFD20019D86D /* ViewController.m */; };
		092AA5F623ACFFD20019D86D /* Main.storyboard in Resources */ = {isa = PBXBuildFile; fileRef = 092AA5F423ACFFD20019D86D /* Main.storyboard */; };
		092AA5F823ACFFD40019D86D /* Assets.xcassets in Resources */ = {isa = PBXBuildFile; fileRef = 092AA5F723ACFFD40019D86D /* Assets.xcassets */; };
		092AA5FB23ACFFD40019D86D /* LaunchScreen.storyboard in Resources */ = {isa = PBXBuildFile; fileRef = 092AA5F923ACFFD40019D86D /* LaunchScreen.storyboard */; };
		092AA5FE23ACFFD40019D86D /* main.m in Sources */ = {isa = PBXBuildFile; fileRef = 092AA5FD23ACFFD40019D86D /* main.m */; };
/* End PBXBuildFile section */

/* Begin PBXFileReference section */
		092AA5EB23ACFFD20019D86D /* pod-test.app */ = {isa = PBXFileReference; explicitFileType = wrapper.application; includeInIndex = 0; path = "pod-test.app"; sourceTree = BUILT_PRODUCTS_DIR; };
		092AA5EE23ACFFD20019D86D /* AppDelegate.h */ = {isa = PBXFileReference; lastKnownFileType = sourcecode.c.h; path = AppDelegate.h; sourceTree = "<group>"; };
		092AA5EF23ACFFD20019D86D /* AppDelegate.m */ = {isa = PBXFileReference; lastKnownFileType = sourcecode.c.objc; path = AppDelegate.m; sourceTree = "<group>"; };
		092AA5F123ACFFD20019D86D /* ViewController.h */ = {isa = PBXFileReference; lastKnownFileType = sourcecode.c.h; path = ViewController.h; sourceTree = "<group>"; };
		092AA5F223ACFFD20019D86D /* ViewController.m */ = {isa = PBXFileReference; lastKnownFileType = sourcecode.c.objc; path = ViewController.m; sourceTree = "<group>"; };
		092AA5F523ACFFD20019D86D /* Base */ = {isa = PBXFileReference; lastKnownFileType = file.storyboard; name = Base; path = Base.lproj/Main.storyboard; sourceTree = "<group>"; };
		092AA5F723ACFFD40019D86D /* Assets.xcassets */ = {isa = PBXFileReference; lastKnownFileType = folder.assetcatalog; path = Assets.xcassets; sourceTree = "<group>"; };
		092AA5FA23ACFFD40019D86D /* Base */ = {isa = PBXFileReference; lastKnownFileType = file.storyboard; name = Base; path = Base.lproj/LaunchScreen.storyboard; sourceTree = "<group>"; };
		092AA5FC23ACFFD40019D86D /* Info.plist */ = {isa = PBXFileReference; lastKnownFileType = text.plist.xml; path = Info.plist; sourceTree = "<group>"; };
		092AA5FD23ACFFD40019D86D /* main.m */ = {isa = PBXFileReference; lastKnownFileType = sourcecode.c.objc; path = main.m; sourceTree = "<group>"; };
/* End PBXFileReference section */

/* Begin PBXFrameworksBuildPhase section */
		092AA5E823ACFFD20019D86D /* Frameworks */ = {
			isa = PBXFrameworksBuildPhase;
			buildActionMask = 2147483647;
			files = (
			);
			runOnlyForDeploymentPostprocessing = 0;
		};
/* End PBXFrameworksBuildPhase section */

/* Begin PBXGroup section */
		092AA5E223ACFFD20019D86D = {
			isa = PBXGroup;
			children = (
				092AA5ED23ACFFD20019D86D /* pod-test */,
				092AA5EC23ACFFD20019D86D /* Products */,
			);
			sourceTree = "<group>";
		};
		092AA5EC23ACFFD20019D86D /* Products */ = {
			isa = PBXGroup;
			children = (
				092AA5EB23ACFFD20019D86D /* pod-test.app */,
			);
			name = Products;
			sourceTree = "<group>";
		};
		092AA5ED23ACFFD20019D86D /* pod-test */ = {
			isa = PBXGroup;
			children = (
				092AA5EE23ACFFD20019D86D /* AppDelegate.h */,
				092AA5EF23ACFFD20019D86D /* AppDelegate.m */,
				092AA5F123ACFFD20019D86D /* ViewController.h */,
				092AA5F223ACFFD20019D86D /* ViewController.m */,
				092AA5F423ACFFD20019D86D /* Main.storyboard */,
				092AA5F723ACFFD40019D86D /* Assets.xcassets */,
				092AA5F923ACFFD40019D86D /* LaunchScreen.storyboard */,
				092AA5FC23ACFFD40019D86D /* Info.plist */,
				092AA5FD23ACFFD40019D86D /* main.m */,
			);
			path = "pod-test";
			sourceTree = "<group>";
		};
/* End PBXGroup section */

/* Begin PBXNativeTarget section */
		092AA5EA23ACFFD20019D86D /* pod-test */ = {
			isa = PBXNativeTarget;
			buildConfigurationList = 092AA60123ACFFD40019D86D /* Build configuration list for PBXNativeTarget "pod-test" */;
			buildPhases = (
				092AA5E723ACFFD20019D86D /* Sources */,
				092AA5E823ACFFD20019D86D /* Frameworks */,
				092AA5E923ACFFD20019D86D /* Resources */,
			);
			buildRules = (
			);
			dependencies = (
			);
			name = "pod-test";
			productName = "pod-test";
			productReference = 092AA5EB23ACFFD20019D86D /* pod-test.app */;
			productType = "com.apple.product-type.application";
		};
/* End PBXNativeTarget section */

/* Begin PBXProject section */
		092AA5E323ACFFD20019D86D /* Project object */ = {
			isa = PBXProject;
			attributes = {
				LastUpgradeCheck = 1010;
				ORGANIZATIONNAME = "macmini-compiler";
				TargetAttributes = {
					092AA5EA23ACFFD20019D86D = {
						CreatedOnToolsVersion = 10.1;
					};
				};
			};
			buildConfigurationList = 092AA5E623ACFFD20019D86D /* Build configuration list for PBXProject "pod-test" */;
			compatibilityVersion = "Xcode 9.3";
			developmentRegion = en;
			hasScannedForEncodings = 0;
			knownRegions = (
				en,
				Base,
			);
			mainGroup = 092AA5E223ACFFD20019D86D;
			productRefGroup = 092AA5EC23ACFFD20019D86D /* Products */;
			projectDirPath = "";
			projectRoot = "";
			targets = (
				092AA5EA23ACFFD20019D86D /* pod-test */,
			);
		};
/* End PBXProject section */

/* Begin PBXResourcesBuildPhase section */
		092AA5E923ACFFD20019D86D /* Resources */ = {
			isa = PBXResourcesBuildPhase;
			buildActionMask = 2147483647;
			files = (
				092AA5FB23ACFFD40019D86D /* LaunchScreen.storyboard in Resources */,
				092AA5F823ACFFD40019D86D /* Assets.xcassets in Resources */,
				092AA5F623ACFFD20019D86D /* Main.storyboard in Resources */,
			);
			runOnlyForDeploymentPostprocessing = 0;
		};
/* End PBXResourcesBuildPhase section */

/* Begin PBXSourcesBuildPhase section */
		092AA5E723ACFFD20019D86D /* Sources */ = {
			isa = PBXSourcesBuildPhase;
			buildActionMask = 2147483647;
			files = (
				092AA5F323ACFFD20019D86D /* ViewController.m in Sources */,
				092AA5FE23ACFFD40019D86D /* main.m in Sources */,
				092AA5F023ACFFD20019D86D /* AppDelegate.m in Sources */,
			);
			runOnlyForDeploymentPostprocessing = 0;
		};
/* End PBXSourcesBuildPhase section */

/* Begin PBXVariantGroup section */
		092AA5F423ACFFD20019D86D /* Main.storyboard */ = {
			isa = PBXVariantGroup;
			children = (
				092AA5F523ACFFD20019D86D /* Base */,
			);
			name = Main.storyboard;
			sourceTree = "<group>";
		};
		092AA5F923ACFFD40019D86D /* LaunchScreen.storyboard */ = {
			isa = PBXVariantGroup;
			children = (
				092AA5FA23ACFFD40019D86D /* Base */,
			);
			name = LaunchScreen.storyboard;
			sourceTree = "<group>";
		};
/* End PBXVariantGroup section */

/* Begin XCBuildConfiguration section */
		092AA5FF23ACFFD40019D86D /* Debug */ = {
			isa = XCBuildConfiguration;
			buildSettings = {
				ALWAYS_SEARCH_USER_PATHS = NO;
				CLANG_ANALYZER_NONNULL = YES;
				CLANG_ANALYZER_NUMBER_OBJECT_CONVERSION = YES_AGGRESSIVE;
				CLANG_CXX_LANGUAGE_STANDARD = "gnu++14";
				CLANG_CXX_LIBRARY = "libc++";
				CLANG_ENABLE_MODULES = YES;
				CLANG_ENABLE_OBJC_ARC = YES;
				CLANG_ENABLE_OBJC_WEAK = YES;
				CLANG_WARN_BLOCK_CAPTURE_AUTORELEASING = YES;
				CLANG_WARN_BOOL_CONVERSION = YES;
				CLANG_WARN_COMMA = YES;
				CLANG_WARN_CONSTANT_CONVERSION = YES;
				CLANG_WARN_DEPRECATED_OBJC_IMPLEMENTATIONS = YES;
				CLANG_WARN_DIRECT_OBJC_ISA_USAGE = YES_ERROR;
				CLANG_WARN_DOCUMENTATION_COMMENTS = YES;
				CLANG_WARN_EMPTY_BODY = YES;
				CLANG_WARN_ENUM_CONVERSION = YES;
				CLANG_WARN_INFINITE_RECURSION = YES;
				CLANG_WARN_INT_CONVERSION = YES;
				CLANG_WARN_NON_LITERAL_NULL_CONVERSION = YES;
				CLANG_WARN_OBJC_IMPLICIT_RETAIN_SELF = YES;
				CLANG_WARN_OBJC_LITERAL_CONVERSION = YES;
				CLANG_WARN_OBJC_ROOT_CLASS = YES_ERROR;
				CLANG_WARN_RANGE_LOOP_ANALYSIS = YES;
				CLANG_WARN_STRICT_PROTOTYPES = YES;
				CLANG_WARN_SUSPICIOUS_MOVE = YES;
				CLANG_WARN_UNGUARDED_AVAILABILITY = YES_AGGRESSIVE;
				CLANG_WARN_UNREACHABLE_CODE = YES;
				CLANG_WARN__DUPLICATE_METHOD_MATCH = YES;
				CODE_SIGN_IDENTITY = "iPhone Developer";
				COPY_PHASE_STRIP = NO;
				DEBUG_INFORMATION_FORMAT = dwarf;
				ENABLE_STRICT_OBJC_MSGSEND = YES;
				ENABLE_TESTABILITY = YES;
				GCC_C_LANGUAGE_STANDARD = gnu11;
				GCC_DYNAMIC_NO_PIC = NO;
				GCC_NO_COMMON_BLOCKS = YES;
				GCC_OPTIMIZATION_LEVEL = 0;
				GCC_PREPROCESSOR_DEFINITIONS = (
					"DEBUG=1",
					"$(inherited)",
				);
				GCC_WARN_64_TO_32_BIT_CONVERSION = YES;
				GCC_WARN_ABOUT_RETURN_TYPE = YES_ERROR;
				GCC_WARN_UNDECLARED_SELECTOR = YES;
				GCC_WARN_UNINITIALIZED_AUTOS = YES_AGGRESSIVE;
				GCC_WARN_UNUSED_FUNCTION = YES;
				GCC_WARN_UNUSED_VARIABLE = YES;
				IPHONEOS_DEPLOYMENT_TARGET = 12.1;
				MTL_ENABLE_DEBUG_INFO = INCLUDE_SOURCE;
				MTL_FAST_MATH = YES;
				ONLY_ACTIVE_ARCH = YES;
				SDKROOT = iphoneos;
			};
			name = Debug;
		};
		092AA60023ACFFD40019D86D /* Release */ = {
			isa = XCBuildConfiguration;
			buildSettings = {
				ALWAYS_SEARCH_USER_PATHS = NO;
				CLANG_ANALYZER_NONNULL = YES;
				CLANG_ANALYZER_NUMBER_OBJECT_CONVERSION = YES_AGGRESSIVE;
				CLANG_CXX_LANGUAGE_STANDARD = "gnu++14";
				CLANG_CXX_LIBRARY = "libc++";
				CLANG_ENABLE_MODULES = YES;
				CLANG_ENABLE_OBJC_ARC = YES;
				CLANG_ENABLE_OBJC_WEAK = YES;
				CLANG_WARN_BLOCK_CAPTURE_AUTORELEASING = YES;
				CLANG_WARN_BOOL_CONVERSION = YES;
				CLANG_WARN_COMMA = YES;
				CLANG_WARN_CONSTANT_CONVERSION = YES;
				CLANG_WARN_DEPRECATED_OBJC_IMPLEMENTATIONS = YES;
				CLANG_WARN_DIRECT_OBJC_ISA_USAGE = YES_ERROR;
				CLANG_WARN_DOCUMENTATION_COMMENTS = YES;
				CLANG_WARN_EMPTY_BODY = YES;
				CLANG_WARN_ENUM_CONVERSION = YES;
				CLANG_WARN_INFINITE_RECURSION = YES;
				CLANG_WARN_INT_CONVERSION = YES;
				CLANG_WARN_NON_LITERAL_NULL_CONVERSION = YES;
				CLANG_WARN_OBJC_IMPLICIT_RETAIN_SELF = YES;
				CLANG_WARN_OBJC_LITERAL_CONVERSION = YES;
				CLANG_WARN_OBJC_ROOT_CLASS = YES_ERROR;
				CLANG_WARN_RANGE_LOOP_ANALYSIS = YES;
				CLANG_WARN_STRICT_PROTOTYPES = YES;
				CLANG_WARN_SUSPICIOUS_MOVE = YES;
				CLANG_WARN_UNGUARDED_AVAILABILITY = YES_AGGRESSIVE;
				CLANG_WARN_UNREACHABLE_CODE = YES;
				CLANG_WARN__DUPLICATE_METHOD_MATCH = YES;
				CODE_SIGN_IDENTITY = "iPhone Developer";
				COPY_PHASE_STRIP = NO;
				DEBUG_INFORMATION_FORMAT = "dwarf-with-dsym";
				ENABLE_NS_ASSERTIONS = NO;
				ENABLE_STRICT_OBJC_MSGSEND = YES;
				GCC_C_LANGUAGE_STANDARD = gnu11;
				GCC_NO_COMMON_BLOCKS = YES;
				GCC_WARN_64_TO_32_BIT_CONVERSION = YES;
				GCC_WARN_ABOUT_RETURN_TYPE = YES_ERROR;
				GCC_WARN_UNDECLARED_SELECTOR = YES;
				GCC_WARN_UNINITIALIZED_AUTOS = YES_AGGRESSIVE;
				GCC_WARN_UNUSED_FUNCTION = YES;
				GCC_WARN_UNUSED_VARIABLE = YES;
				IPHONEOS_DEPLOYMENT_TARGET = 12.1;
				MTL_ENABLE_DEBUG_INFO = NO;
				MTL_FAST_MATH = YES;
				SDKROOT = iphoneos;
				VALIDATE_PRODUCT = YES;
			};
			name = Release;
		};
		092AA60223ACFFD40019D86D /* Debug */ = {
			isa = XCBuildConfiguration;
			buildSettings = {
				ASSETCATALOG_COMPILER_APPICON_NAME = AppIcon;
				CODE_SIGN_STYLE = Automatic;
				DEVELOPMENT_TEAM = 7KRAUH6R4S;
				INFOPLIST_FILE = "pod-test/Info.plist";
				LD_RUNPATH_SEARCH_PATHS = (
					"$(inherited)",
					"@executable_path/Frameworks",
				);
				PRODUCT_BUNDLE_IDENTIFIER = "ycgame.pod-test";
				PRODUCT_NAME = "$(TARGET_NAME)";
				TARGETED_DEVICE_FAMILY = "1,2";
			};
			name = Debug;
		};
		092AA60323ACFFD40019D86D /* Release */ = {
			isa = XCBuildConfiguration;
			buildSettings = {
				ASSETCATALOG_COMPILER_APPICON_NAME = AppIcon;
				CODE_SIGN_STYLE = Automatic;
				DEVELOPMENT_TEAM = 7KRAUH6R4S;
				INFOPLIST_FILE = "pod-test/Info.plist";
				LD_RUNPATH_SEARCH_PATHS = (
					"$(inherited)",
					"@executable_path/Frameworks",
				);
				PRODUCT_BUNDLE_IDENTIFIER = "ycgame.pod-test";
				PRODUCT_NAME = "$(TARGET_NAME)";
				TARGETED_DEVICE_FAMILY = "1,2";
			};
			name = Release;
		};
/* End XCBuildConfiguration section */

/* Begin XCConfigurationList section */
		092AA5E623ACFFD20019D86D /* Build configuration list for PBXProject "pod-test" */ = {
			isa = XCConfigurationList;
			buildConfigurations = (
				092AA5FF23ACFFD40019D86D /* Debug */,
				092AA60023ACFFD40019D86D /* Release */,
			);
			defaultConfigurationIsVisible = 0;
			defaultConfigurationName = Release;
		};
		092AA60123ACFFD40019D86D /* Build configuration list for PBXNativeTarget "pod-test" */ = {
			isa = XCConfigurationList;
			buildConfigurations = (
				092AA60223ACFFD40019D86D /* Debug */,
				092AA60323ACFFD40019D86D /* Release */,
			);
			defaultConfigurationIsVisible = 0;
			defaultConfigurationName = Release;
		};
/* End XCConfigurationList section */
	};
	rootObject = 092AA5E323ACFFD20019D86D /* Project object */;
}
